# This file is generated by running "yarn install" inside your project.
# Manual changes might be lost - proceed with caution!

__metadata:
  version: 8
  cacheKey: 10c0

"@fastify/busboy@npm:^2.0.0":
  version: 2.1.1
  resolution: "@fastify/busboy@npm:2.1.1"
  checksum: 10c0/6f8027a8cba7f8f7b736718b013f5a38c0476eea67034c94a0d3c375e2b114366ad4419e6a6fa7ffc2ef9c6d3e0435d76dd584a7a1cbac23962fda7650b579e3
  languageName: node
  linkType: hard

"@permaweb/ao-loader@npm:0.0.44":
  version: 0.0.44
  resolution: "@permaweb/ao-loader@npm:0.0.44"
  dependencies:
    "@permaweb/wasm-metering": "npm:^0.2.2"
  checksum: 10c0/347ca416436d7d247302bd34855ab2056f1dc7a842d58fc6fd594cf03d5da61e24ee03ab5d27d98ecf8f0cd6e4cd88f61c92a54bcef53c3d3c7339fe43430be4
  languageName: node
  linkType: hard

"@permaweb/ao-scheduler-utils@npm:~0.0.25":
  version: 0.0.25
  resolution: "@permaweb/ao-scheduler-utils@npm:0.0.25"
  dependencies:
    lru-cache: "npm:^10.2.2"
    ramda: "npm:^0.30.0"
    zod: "npm:^3.23.5"
  checksum: 10c0/d1cfeaa275f7f97b5b9a58727965e612062ccd865590d84b2cced8a4593d987063011cfadc3dcfed1094c188f66e359793200d2c1ba74190449841fca0b4cc12
  languageName: node
  linkType: hard

"@permaweb/aoconnect@npm:^0.0.62":
  version: 0.0.62
  resolution: "@permaweb/aoconnect@npm:0.0.62"
  dependencies:
    "@permaweb/ao-scheduler-utils": "npm:~0.0.25"
    "@permaweb/protocol-tag-utils": "npm:~0.0.2"
    buffer: "npm:^6.0.3"
    debug: "npm:^4.3.7"
    hyper-async: "npm:^1.1.2"
    mnemonist: "npm:^0.39.8"
    ramda: "npm:^0.30.1"
    warp-arbundles: "npm:^1.0.4"
    zod: "npm:^3.23.8"
  checksum: 10c0/6ff6330823a4a6bc8f87ef89e556d58b37d9828f99f8e48acb0267b7f970f430de720ace86ab55c94002374d0f878b1a566c50abc7e64d2d941f54f52872566c
  languageName: node
  linkType: hard

"@permaweb/protocol-tag-utils@npm:~0.0.2":
  version: 0.0.2
  resolution: "@permaweb/protocol-tag-utils@npm:0.0.2"
  checksum: 10c0/461d57ff21cb6412d7a2dc7f2cccc476c9d3ed5be1a603bdef69523df3d91464df3d848e2e12808083b637ec0c38455d2461a1240235155e6f7e9ce2c78c740d
  languageName: node
  linkType: hard

"@permaweb/wasm-json-toolkit@npm:^0.2.9":
  version: 0.2.9
  resolution: "@permaweb/wasm-json-toolkit@npm:0.2.9"
  dependencies:
    buffer-pipe: "npm:0.0.3"
    leb128: "npm:0.0.4"
    safe-buffer: "npm:^5.1.2"
  bin:
    json2wasm: bin/json2wasm
    wasm2json: bin/wasm2json
  checksum: 10c0/8e5ad5b002cee52addd2e826f77ee76fd8a89a8b5e0a1c94b7a2c13f10b60de6f0607fc3de734cbb252f67d9907255bb50e497a507bdd1769104ed8f9f31fc02
  languageName: node
  linkType: hard

"@permaweb/wasm-metering@npm:^0.2.2":
  version: 0.2.2
  resolution: "@permaweb/wasm-metering@npm:0.2.2"
  dependencies:
    "@permaweb/wasm-json-toolkit": "npm:^0.2.9"
    leb128: "npm:^0.0.4"
  bin:
    wasm-meter: bin/wasm-meter
  checksum: 10c0/95e0dc65b1b796ecaba82ef023b5679ec8a352f1fa3ebcf05e613ee80575ae6065b2379286cb969461fa77eec17bdf4bf5db911a41bd8ff6b39d37ef5415489b
  languageName: node
  linkType: hard

"arconnect@npm:^0.4.2":
  version: 0.4.2
  resolution: "arconnect@npm:0.4.2"
  dependencies:
    arweave: "npm:^1.10.13"
  checksum: 10c0/9bad8efd90b7df55173adddf14b003ae667ab4b35141639dd9ad3bf5d9f08bf7b77dfec6c6b9c433be03bb265d7a19fab4a397cc155644212bcbb934c68b9d30
  languageName: node
  linkType: hard

"arweave@npm:^1.10.13, arweave@npm:^1.13.7, arweave@npm:^1.15.5":
  version: 1.15.5
  resolution: "arweave@npm:1.15.5"
  dependencies:
    arconnect: "npm:^0.4.2"
    asn1.js: "npm:^5.4.1"
    base64-js: "npm:^1.5.1"
    bignumber.js: "npm:^9.0.2"
  checksum: 10c0/79c288549596cffe1dbabadfc256d37836fadf221e181789f40e2a6d87c446b28e3a612577c102b73a796f51fb5d9374ff5b96b7fef0fa9b8bab698c9836f894
  languageName: node
  linkType: hard

"asn1.js@npm:^5.4.1":
  version: 5.4.1
  resolution: "asn1.js@npm:5.4.1"
  dependencies:
    bn.js: "npm:^4.0.0"
    inherits: "npm:^2.0.1"
    minimalistic-assert: "npm:^1.0.0"
    safer-buffer: "npm:^2.1.0"
  checksum: 10c0/b577232fa6069cc52bb128e564002c62b2b1fe47f7137bdcd709c0b8495aa79cee0f8cc458a831b2d8675900eea0d05781b006be5e1aa4f0ae3577a73ec20324
  languageName: node
  linkType: hard

"base64-js@npm:^1.3.1, base64-js@npm:^1.5.1":
  version: 1.5.1
  resolution: "base64-js@npm:1.5.1"
  checksum: 10c0/f23823513b63173a001030fae4f2dabe283b99a9d324ade3ad3d148e218134676f1ee8568c877cd79ec1c53158dcf2d2ba527a97c606618928ba99dd930102bf
  languageName: node
  linkType: hard

"base64url@npm:^3.0.1":
  version: 3.0.1
  resolution: "base64url@npm:3.0.1"
  checksum: 10c0/5ca9d6064e9440a2a45749558dddd2549ca439a305793d4f14a900b7256b5f4438ef1b7a494e1addc66ced5d20f5c010716d353ed267e4b769e6c78074991241
  languageName: node
  linkType: hard

"bignumber.js@npm:^9.0.2":
  version: 9.1.2
  resolution: "bignumber.js@npm:9.1.2"
  checksum: 10c0/e17786545433f3110b868725c449fa9625366a6e675cd70eb39b60938d6adbd0158cb4b3ad4f306ce817165d37e63f4aa3098ba4110db1d9a3b9f66abfbaf10d
  languageName: node
  linkType: hard

"bn.js@npm:^4.0.0, bn.js@npm:^4.11.6":
  version: 4.12.1
  resolution: "bn.js@npm:4.12.1"
  checksum: 10c0/b7f37a0cd5e4b79142b6f4292d518b416be34ae55d6dd6b0f66f96550c8083a50ffbbf8bda8d0ab471158cb81aa74ea4ee58fe33c7802e4a30b13810e98df116
  languageName: node
  linkType: hard

"buffer-pipe@npm:0.0.0":
  version: 0.0.0
  resolution: "buffer-pipe@npm:0.0.0"
  dependencies:
    safe-buffer: "npm:^5.1.1"
  checksum: 10c0/7426d6818b395198d71139c8dffd2780c840983e4769e53048e4024c0563ce8a4b9329974146f3472f3132c657efc782b43ae963f7e38010b60386afc4420c86
  languageName: node
  linkType: hard

"buffer-pipe@npm:0.0.3":
  version: 0.0.3
  resolution: "buffer-pipe@npm:0.0.3"
  dependencies:
    safe-buffer: "npm:^5.1.2"
  checksum: 10c0/a516c88d2668e11e82c36d312333408186b39a6faad6220c2a5f9d3a3c43899f8037f1aaa14f128c470b611c52eb88c89a891dd429518069254058b079744f04
  languageName: node
  linkType: hard

"buffer@npm:^6.0.3":
  version: 6.0.3
  resolution: "buffer@npm:6.0.3"
  dependencies:
    base64-js: "npm:^1.3.1"
    ieee754: "npm:^1.2.1"
  checksum: 10c0/2a905fbbcde73cc5d8bd18d1caa23715d5f83a5935867c2329f0ac06104204ba7947be098fe1317fbd8830e26090ff8e764f08cd14fefc977bb248c3487bcbd0
  languageName: node
  linkType: hard

"debug@npm:^4.3.7":
  version: 4.4.0
  resolution: "debug@npm:4.4.0"
  dependencies:
    ms: "npm:^2.1.3"
  peerDependenciesMeta:
    supports-color:
      optional: true
  checksum: 10c0/db94f1a182bf886f57b4755f85b3a74c39b5114b9377b7ab375dc2cfa3454f09490cc6c30f829df3fc8042bc8b8995f6567ce5cd96f3bc3688bd24027197d9de
  languageName: node
  linkType: hard

"exponential-backoff@npm:^3.1.1":
  version: 3.1.1
  resolution: "exponential-backoff@npm:3.1.1"
  checksum: 10c0/160456d2d647e6019640bd07111634d8c353038d9fa40176afb7cd49b0548bdae83b56d05e907c2cce2300b81cae35d800ef92fefb9d0208e190fa3b7d6bb579
  languageName: node
  linkType: hard

"hyper-async@npm:^1.1.2":
  version: 1.1.2
  resolution: "hyper-async@npm:1.1.2"
  checksum: 10c0/541a5ee533756cfb91b6cf47c32b2c50e5a066019777748089fbd109c2ddbde49d0466c5e04ed926ce081be87fab0d8fba32d98977e2df8eceacfa1a5c4dab19
  languageName: node
  linkType: hard

"ieee754@npm:^1.2.1":
  version: 1.2.1
  resolution: "ieee754@npm:1.2.1"
  checksum: 10c0/b0782ef5e0935b9f12883a2e2aa37baa75da6e66ce6515c168697b42160807d9330de9a32ec1ed73149aea02e0d822e572bca6f1e22bdcbd2149e13b050b17bb
  languageName: node
  linkType: hard

"inherits@npm:^2.0.1":
  version: 2.0.4
  resolution: "inherits@npm:2.0.4"
  checksum: 10c0/4e531f648b29039fb7426fb94075e6545faa1eb9fe83c29f0b6d9e7263aceb4289d2d4557db0d428188eeb449cc7c5e77b0a0b2c4e248ff2a65933a0dee49ef2
  languageName: node
  linkType: hard

"leb128@npm:0.0.4, leb128@npm:^0.0.4":
  version: 0.0.4
  resolution: "leb128@npm:0.0.4"
  dependencies:
    bn.js: "npm:^4.11.6"
    buffer-pipe: "npm:0.0.0"
  checksum: 10c0/64cbc5934435339aca2ea15a3e8cbad72978f4dcc47c43ab69bf6a918b463fdcc66cfc86c4c9a7dd58f59f6b1ba634698e5ca94332f1aa4fe9cbe82a42b859f7
  languageName: node
  linkType: hard

"lru-cache@npm:^10.2.2":
  version: 10.4.3
  resolution: "lru-cache@npm:10.4.3"
  checksum: 10c0/ebd04fbca961e6c1d6c0af3799adcc966a1babe798f685bb84e6599266599cd95d94630b10262f5424539bc4640107e8a33aa28585374abf561d30d16f4b39fb
  languageName: node
  linkType: hard

"minimalistic-assert@npm:^1.0.0":
  version: 1.0.1
  resolution: "minimalistic-assert@npm:1.0.1"
  checksum: 10c0/96730e5601cd31457f81a296f521eb56036e6f69133c0b18c13fe941109d53ad23a4204d946a0d638d7f3099482a0cec8c9bb6d642604612ce43ee536be3dddd
  languageName: node
  linkType: hard

"mnemonist@npm:^0.39.8":
  version: 0.39.8
  resolution: "mnemonist@npm:0.39.8"
  dependencies:
    obliterator: "npm:^2.0.1"
  checksum: 10c0/fa810768d290919c4ecd3f8ba5c8458bc45df08d1c72fac8f3897721cd90ab42ee1c642cc5208cfd649d40222998dc011127702117c0ca676f243cc80f42cc11
  languageName: node
  linkType: hard

"ms@npm:^2.1.3":
  version: 2.1.3
  resolution: "ms@npm:2.1.3"
  checksum: 10c0/d924b57e7312b3b63ad21fc5b3dc0af5e78d61a1fc7cfb5457edaf26326bf62be5307cc87ffb6862ef1c2b33b0233cdb5d4f01c4c958cc0d660948b65a287a48
  languageName: node
  linkType: hard

"obliterator@npm:^2.0.1":
  version: 2.0.5
  resolution: "obliterator@npm:2.0.5"
  checksum: 10c0/36e67d88271c51aa6412a7d449d6c60ae6387176f94dbc557eea67456bf6ccedbcbcecdb1e56438aa4f4694f68f531b3bf2be87b019e2f69961b144bec124e70
  languageName: node
  linkType: hard

"ramda@npm:^0.30.0, ramda@npm:^0.30.1":
  version: 0.30.1
  resolution: "ramda@npm:0.30.1"
  checksum: 10c0/3ea3e35c80e1a1b78c23de0c72d3382c3446f42052b113b851f1b7fc421e33a45ce92e7aef3c705cc6de3812a209d03417af5c264f67126cda539fd66c8bea71
  languageName: node
  linkType: hard

"redstone-clara-ao-market@workspace:.":
  version: 0.0.0-use.local
  resolution: "redstone-clara-ao-market@workspace:."
  dependencies:
    "@permaweb/ao-loader": "npm:0.0.44"
    "@permaweb/aoconnect": "npm:^0.0.62"
    arweave: "npm:^1.15.5"
    exponential-backoff: "npm:^3.1.1"
  languageName: unknown
  linkType: soft

"safe-buffer@npm:^5.1.1, safe-buffer@npm:^5.1.2":
  version: 5.2.1
  resolution: "safe-buffer@npm:5.2.1"
  checksum: 10c0/6501914237c0a86e9675d4e51d89ca3c21ffd6a31642efeba25ad65720bce6921c9e7e974e5be91a786b25aa058b5303285d3c15dbabf983a919f5f630d349f3
  languageName: node
  linkType: hard

"safer-buffer@npm:^2.1.0":
  version: 2.1.2
  resolution: "safer-buffer@npm:2.1.2"
  checksum: 10c0/7e3c8b2e88a1841c9671094bbaeebd94448111dd90a81a1f606f3f67708a6ec57763b3b47f06da09fc6054193e0e6709e77325415dc8422b04497a8070fa02d4
  languageName: node
  linkType: hard

"undici@npm:^5.19.1":
  version: 5.28.5
  resolution: "undici@npm:5.28.5"
  dependencies:
    "@fastify/busboy": "npm:^2.0.0"
  checksum: 10c0/4dfaa13089fe4c0758f84ec0d34b257e58608e6be3aa540f493b9864b39e3fdcd0a1ace38e434fe79db55f833aa30bcfddd8d6cbe3e0982b0dcae8ec17b65e08
  languageName: node
  linkType: hard

"warp-arbundles@npm:^1.0.4":
  version: 1.0.4
  resolution: "warp-arbundles@npm:1.0.4"
  dependencies:
    arweave: "npm:^1.13.7"
    base64url: "npm:^3.0.1"
    buffer: "npm:^6.0.3"
    warp-isomorphic: "npm:^1.0.7"
  checksum: 10c0/9b176e83c2faba2ed3cb566870c7db72afe64e3c12975c023906a130f6c229756b26fd5942b0dcacb68167624cb4fa873d24e3c6e0e91200031eeddfa1a92442
  languageName: node
  linkType: hard

"warp-isomorphic@npm:^1.0.7":
  version: 1.0.7
  resolution: "warp-isomorphic@npm:1.0.7"
  dependencies:
    buffer: "npm:^6.0.3"
    undici: "npm:^5.19.1"
  checksum: 10c0/18408026758647e5a5359b61e5c1d3a81ed64b63fa9c915642fb2d071cbce102cb89beddfa4d596261675d1637469f1daedf1ad80a64b4d6368df4e45f41fc0b
  languageName: node
  linkType: hard

"zod@npm:^3.23.5, zod@npm:^3.23.8":
  version: 3.24.1
  resolution: "zod@npm:3.24.1"
  checksum: 10c0/0223d21dbaa15d8928fe0da3b54696391d8e3e1e2d0283a1a070b5980a1dbba945ce631c2d1eccc088fdbad0f2dfa40155590bf83732d3ac4fcca2cc9237591b
  languageName: node
  linkType: hard
